// !$*UTF8*$!
{
	archiveVersion = 1;
	classes = {
	};
	objectVersion = 54;
	objects = {

/* Begin PBXBuildFile section */
		0462474F280ADCC8005F00E7 /* AppDelegate.swift in Sources */ = {isa = PBXBuildFile; fileRef = 0462474E280ADCC8005F00E7 /* AppDelegate.swift */; };
		04624753280ADCC8005F00E7 /* HomeViewController.swift in Sources */ = {isa = PBXBuildFile; fileRef = 04624752280ADCC8005F00E7 /* HomeViewController.swift */; };
		04624756280ADCC8005F00E7 /* Main.storyboard in Resources */ = {isa = PBXBuildFile; fileRef = 04624754280ADCC8005F00E7 /* Main.storyboard */; };
		04624758280ADCCB005F00E7 /* Assets.xcassets in Resources */ = {isa = PBXBuildFile; fileRef = 04624757280ADCCB005F00E7 /* Assets.xcassets */; };
		0462475B280ADCCB005F00E7 /* LaunchScreen.storyboard in Resources */ = {isa = PBXBuildFile; fileRef = 04624759280ADCCB005F00E7 /* LaunchScreen.storyboard */; };
		046B1CB72804790100319E7E /* AppDelegate.swift in Sources */ = {isa = PBXBuildFile; fileRef = 046B1CB62804790100319E7E /* AppDelegate.swift */; };
		046B1CBB2804790100319E7E /* SearchViewController.swift in Sources */ = {isa = PBXBuildFile; fileRef = 046B1CBA2804790100319E7E /* SearchViewController.swift */; };
		046B1CBE2804790100319E7E /* Main.storyboard in Resources */ = {isa = PBXBuildFile; fileRef = 046B1CBC2804790100319E7E /* Main.storyboard */; };
		046B1CC02804790800319E7E /* Assets.xcassets in Resources */ = {isa = PBXBuildFile; fileRef = 046B1CBF2804790800319E7E /* Assets.xcassets */; };
		046B1CC32804790900319E7E /* LaunchScreen.storyboard in Resources */ = {isa = PBXBuildFile; fileRef = 046B1CC12804790900319E7E /* LaunchScreen.storyboard */; };
/* End PBXBuildFile section */

/* Begin PBXFileReference section */
		0462474C280ADCC8005F00E7 /* Operation-Queue-Example.app */ = {isa = PBXFileReference; explicitFileType = wrapper.application; includeInIndex = 0; path = "Operation-Queue-Example.app"; sourceTree = BUILT_PRODUCTS_DIR; };
		0462474E280ADCC8005F00E7 /* AppDelegate.swift */ = {isa = PBXFileReference; lastKnownFileType = sourcecode.swift; path = AppDelegate.swift; sourceTree = "<group>"; };
		04624752280ADCC8005F00E7 /* HomeViewController.swift */ = {isa = PBXFileReference; lastKnownFileType = sourcecode.swift; path = HomeViewController.swift; sourceTree = "<group>"; };
		04624755280ADCC8005F00E7 /* Base */ = {isa = PBXFileReference; lastKnownFileType = file.storyboard; name = Base; path = Base.lproj/Main.storyboard; sourceTree = "<group>"; };
		04624757280ADCCB005F00E7 /* Assets.xcassets */ = {isa = PBXFileReference; lastKnownFileType = folder.assetcatalog; path = Assets.xcassets; sourceTree = "<group>"; };
		0462475A280ADCCB005F00E7 /* Base */ = {isa = PBXFileReference; lastKnownFileType = file.storyboard; name = Base; path = Base.lproj/LaunchScreen.storyboard; sourceTree = "<group>"; };
		0462475C280ADCCB005F00E7 /* Info.plist */ = {isa = PBXFileReference; lastKnownFileType = text.plist.xml; path = Info.plist; sourceTree = "<group>"; };
		046B1CB32804790100319E7E /* DispatchWorkItem-Example.app */ = {isa = PBXFileReference; explicitFileType = wrapper.application; includeInIndex = 0; path = "DispatchWorkItem-Example.app"; sourceTree = BUILT_PRODUCTS_DIR; };
		046B1CB62804790100319E7E /* AppDelegate.swift */ = {isa = PBXFileReference; lastKnownFileType = sourcecode.swift; path = AppDelegate.swift; sourceTree = "<group>"; };
		046B1CBA2804790100319E7E /* SearchViewController.swift */ = {isa = PBXFileReference; lastKnownFileType = sourcecode.swift; path = SearchViewController.swift; sourceTree = "<group>"; };
		046B1CBD2804790100319E7E /* Base */ = {isa = PBXFileReference; lastKnownFileType = file.storyboard; name = Base; path = Base.lproj/Main.storyboard; sourceTree = "<group>"; };
		046B1CBF2804790800319E7E /* Assets.xcassets */ = {isa = PBXFileReference; lastKnownFileType = folder.assetcatalog; path = Assets.xcassets; sourceTree = "<group>"; };
		046B1CC22804790900319E7E /* Base */ = {isa = PBXFileReference; lastKnownFileType = file.storyboard; name = Base; path = Base.lproj/LaunchScreen.storyboard; sourceTree = "<group>"; };
		046B1CC42804790900319E7E /* Info.plist */ = {isa = PBXFileReference; lastKnownFileType = text.plist.xml; path = Info.plist; sourceTree = "<group>"; };
/* End PBXFileReference section */

/* Begin PBXFrameworksBuildPhase section */
		04624749280ADCC8005F00E7 /* Frameworks */ = {
			isa = PBXFrameworksBuildPhase;
			buildActionMask = 2147483647;
			files = (
			);
			runOnlyForDeploymentPostprocessing = 0;
		};
		046B1CB02804790100319E7E /* Frameworks */ = {
			isa = PBXFrameworksBuildPhase;
			buildActionMask = 2147483647;
			files = (
			);
			runOnlyForDeploymentPostprocessing = 0;
		};
/* End PBXFrameworksBuildPhase section */

/* Begin PBXGroup section */
		0462474D280ADCC8005F00E7 /* Operation-Queue-Example */ = {
			isa = PBXGroup;
			children = (
				04624761280ADD2A005F00E7 /* AppDelegate */,
				04624762280ADD66005F00E7 /* Controller */,
				04624763280ADD7B005F00E7 /* Storyboard */,
				04624760280ADCD9005F00E7 /* Global */,
			);
			path = "Operation-Queue-Example";
			sourceTree = "<group>";
		};
		04624760280ADCD9005F00E7 /* Global */ = {
			isa = PBXGroup;
			children = (
				04624757280ADCCB005F00E7 /* Assets.xcassets */,
				04624759280ADCCB005F00E7 /* LaunchScreen.storyboard */,
				0462475C280ADCCB005F00E7 /* Info.plist */,
			);
			path = Global;
			sourceTree = "<group>";
		};
		04624761280ADD2A005F00E7 /* AppDelegate */ = {
			isa = PBXGroup;
			children = (
				0462474E280ADCC8005F00E7 /* AppDelegate.swift */,
			);
			path = AppDelegate;
			sourceTree = "<group>";
		};
		04624762280ADD66005F00E7 /* Controller */ = {
			isa = PBXGroup;
			children = (
				04624752280ADCC8005F00E7 /* HomeViewController.swift */,
			);
			path = Controller;
			sourceTree = "<group>";
		};
		04624763280ADD7B005F00E7 /* Storyboard */ = {
			isa = PBXGroup;
			children = (
				04624754280ADCC8005F00E7 /* Main.storyboard */,
			);
			path = Storyboard;
			sourceTree = "<group>";
		};
		046B1CAA2804790100319E7E = {
			isa = PBXGroup;
			children = (
				046B1CB52804790100319E7E /* DispatchWorkItem-Example */,
				0462474D280ADCC8005F00E7 /* Operation-Queue-Example */,
				046B1CB42804790100319E7E /* Products */,
			);
			sourceTree = "<group>";
		};
		046B1CB42804790100319E7E /* Products */ = {
			isa = PBXGroup;
			children = (
				046B1CB32804790100319E7E /* DispatchWorkItem-Example.app */,
				0462474C280ADCC8005F00E7 /* Operation-Queue-Example.app */,
			);
			name = Products;
			sourceTree = "<group>";
		};
		046B1CB52804790100319E7E /* DispatchWorkItem-Example */ = {
			isa = PBXGroup;
			children = (
				046B1CCB2804797500319E7E /* Delegate */,
				046B1CCC280479AA00319E7E /* Controller */,
				046B1CCD280479C800319E7E /* Storyboard */,
				046B1CCA2804792000319E7E /* Global */,
			);
			path = "DispatchWorkItem-Example";
			sourceTree = "<group>";
		};
		046B1CCA2804792000319E7E /* Global */ = {
			isa = PBXGroup;
			children = (
				046B1CBF2804790800319E7E /* Assets.xcassets */,
				046B1CC12804790900319E7E /* LaunchScreen.storyboard */,
				046B1CC42804790900319E7E /* Info.plist */,
			);
			path = Global;
			sourceTree = "<group>";
		};
		046B1CCB2804797500319E7E /* Delegate */ = {
			isa = PBXGroup;
			children = (
				046B1CB62804790100319E7E /* AppDelegate.swift */,
			);
			path = Delegate;
			sourceTree = "<group>";
		};
		046B1CCC280479AA00319E7E /* Controller */ = {
			isa = PBXGroup;
			children = (
				046B1CBA2804790100319E7E /* SearchViewController.swift */,
			);
			path = Controller;
			sourceTree = "<group>";
		};
		046B1CCD280479C800319E7E /* Storyboard */ = {
			isa = PBXGroup;
			children = (
				046B1CBC2804790100319E7E /* Main.storyboard */,
			);
			path = Storyboard;
			sourceTree = "<group>";
		};
/* End PBXGroup section */

/* Begin PBXNativeTarget section */
		0462474B280ADCC8005F00E7 /* Operation-Queue-Example */ = {
			isa = PBXNativeTarget;
			buildConfigurationList = 0462475F280ADCCB005F00E7 /* Build configuration list for PBXNativeTarget "Operation-Queue-Example" */;
			buildPhases = (
				04624748280ADCC8005F00E7 /* Sources */,
				04624749280ADCC8005F00E7 /* Frameworks */,
				0462474A280ADCC8005F00E7 /* Resources */,
			);
			buildRules = (
			);
			dependencies = (
			);
			name = "Operation-Queue-Example";
			productName = "Operation-Queue-Example";
			productReference = 0462474C280ADCC8005F00E7 /* Operation-Queue-Example.app */;
			productType = "com.apple.product-type.application";
		};
		046B1CB22804790100319E7E /* DispatchWorkItem-Example */ = {
			isa = PBXNativeTarget;
			buildConfigurationList = 046B1CC72804790900319E7E /* Build configuration list for PBXNativeTarget "DispatchWorkItem-Example" */;
			buildPhases = (
				046B1CAF2804790100319E7E /* Sources */,
				046B1CB02804790100319E7E /* Frameworks */,
				046B1CB12804790100319E7E /* Resources */,
			);
			buildRules = (
			);
			dependencies = (
			);
			name = "DispatchWorkItem-Example";
			productName = "DispatchWorkItem-Example";
			productReference = 046B1CB32804790100319E7E /* DispatchWorkItem-Example.app */;
			productType = "com.apple.product-type.application";
		};
/* End PBXNativeTarget section */

/* Begin PBXProject section */
		046B1CAB2804790100319E7E /* Project object */ = {
			isa = PBXProject;
			attributes = {
				BuildIndependentTargetsInParallel = 1;
				LastSwiftUpdateCheck = 1320;
				LastUpgradeCheck = 1310;
				TargetAttributes = {
					0462474B280ADCC8005F00E7 = {
						CreatedOnToolsVersion = 13.2.1;
					};
					046B1CB22804790100319E7E = {
						CreatedOnToolsVersion = 13.1;
					};
				};
			};
			buildConfigurationList = 046B1CAE2804790100319E7E /* Build configuration list for PBXProject "DispatchWorkItem-Example" */;
			compatibilityVersion = "Xcode 12.0";
			developmentRegion = en;
			hasScannedForEncodings = 0;
			knownRegions = (
				en,
				Base,
			);
			mainGroup = 046B1CAA2804790100319E7E;
			productRefGroup = 046B1CB42804790100319E7E /* Products */;
			projectDirPath = "";
			projectRoot = "";
			targets = (
				046B1CB22804790100319E7E /* DispatchWorkItem-Example */,
				0462474B280ADCC8005F00E7 /* Operation-Queue-Example */,
			);
		};
/* End PBXProject section */

/* Begin PBXResourcesBuildPhase section */
		0462474A280ADCC8005F00E7 /* Resources */ = {
			isa = PBXResourcesBuildPhase;
			buildActionMask = 2147483647;
			files = (
				0462475B280ADCCB005F00E7 /* LaunchScreen.storyboard in Resources */,
				04624758280ADCCB005F00E7 /* Assets.xcassets in Resources */,
				04624756280ADCC8005F00E7 /* Main.storyboard in Resources */,
			);
			runOnlyForDeploymentPostprocessing = 0;
		};
		046B1CB12804790100319E7E /* Resources */ = {
			isa = PBXResourcesBuildPhase;
			buildActionMask = 2147483647;
			files = (
				046B1CC32804790900319E7E /* LaunchScreen.storyboard in Resources */,
				046B1CC02804790800319E7E /* Assets.xcassets in Resources */,
				046B1CBE2804790100319E7E /* Main.storyboard in Resources */,
			);
			runOnlyForDeploymentPostprocessing = 0;
		};
/* End PBXResourcesBuildPhase section */

/* Begin PBXSourcesBuildPhase section */
		04624748280ADCC8005F00E7 /* Sources */ = {
			isa = PBXSourcesBuildPhase;
			buildActionMask = 2147483647;
			files = (
				04624753280ADCC8005F00E7 /* HomeViewController.swift in Sources */,
				0462474F280ADCC8005F00E7 /* AppDelegate.swift in Sources */,
			);
			runOnlyForDeploymentPostprocessing = 0;
		};
		046B1CAF2804790100319E7E /* Sources */ = {
			isa = PBXSourcesBuildPhase;
			buildActionMask = 2147483647;
			files = (
				046B1CBB2804790100319E7E /* SearchViewController.swift in Sources */,
				046B1CB72804790100319E7E /* AppDelegate.swift in Sources */,
			);
			runOnlyForDeploymentPostprocessing = 0;
		};
/* End PBXSourcesBuildPhase section */

/* Begin PBXVariantGroup section */
		04624754280ADCC8005F00E7 /* Main.storyboard */ = {
			isa = PBXVariantGroup;
			children = (
				04624755280ADCC8005F00E7 /* Base */,
			);
			name = Main.storyboard;
			sourceTree = "<group>";
		};
		04624759280ADCCB005F00E7 /* LaunchScreen.storyboard */ = {
			isa = PBXVariantGroup;
			children = (
				0462475A280ADCCB005F00E7 /* Base */,
			);
			name = LaunchScreen.storyboard;
			sourceTree = "<group>";
		};
		046B1CBC2804790100319E7E /* Main.storyboard */ = {
			isa = PBXVariantGroup;
			children = (
				046B1CBD2804790100319E7E /* Base */,
			);
			name = Main.storyboard;
			sourceTree = "<group>";
		};
		046B1CC12804790900319E7E /* LaunchScreen.storyboard */ = {
			isa = PBXVariantGroup;
			children = (
				046B1CC22804790900319E7E /* Base */,
			);
			name = LaunchScreen.storyboard;
			sourceTree = "<group>";
		};
/* End PBXVariantGroup section */

/* Begin XCBuildConfiguration section */
		0462475D280ADCCB005F00E7 /* Debug */ = {
			isa = XCBuildConfiguration;
			buildSettings = {
				ASSETCATALOG_COMPILER_APPICON_NAME = AppIcon;
				ASSETCATALOG_COMPILER_GLOBAL_ACCENT_COLOR_NAME = AccentColor;
				CODE_SIGN_STYLE = Automatic;
				CURRENT_PROJECT_VERSION = 1;
				GENERATE_INFOPLIST_FILE = YES;
				INFOPLIST_FILE = "Operation-Queue-Example/Global/Info.plist";
				INFOPLIST_KEY_UIApplicationSupportsIndirectInputEvents = YES;
				INFOPLIST_KEY_UILaunchStoryboardName = LaunchScreen;
				INFOPLIST_KEY_UIMainStoryboardFile = Main;
				INFOPLIST_KEY_UISupportedInterfaceOrientations_iPad = "UIInterfaceOrientationPortrait UIInterfaceOrientationPortraitUpsideDown UIInterfaceOrientationLandscapeLeft UIInterfaceOrientationLandscapeRight";
				INFOPLIST_KEY_UISupportedInterfaceOrientations_iPhone = "UIInterfaceOrientationPortrait UIInterfaceOrientationLandscapeLeft UIInterfaceOrientationLandscapeRight";
				IPHONEOS_DEPLOYMENT_TARGET = 15.2;
				LD_RUNPATH_SEARCH_PATHS = (
					"$(inherited)",
					"@executable_path/Frameworks",
				);
				MARKETING_VERSION = 1.0;
				PRODUCT_BUNDLE_IDENTIFIER = "Sparkout-Tech-Solution.Operation-Queue-Example";
				PRODUCT_NAME = "$(TARGET_NAME)";
				SWIFT_EMIT_LOC_STRINGS = YES;
				SWIFT_VERSION = 5.0;
				TARGETED_DEVICE_FAMILY = "1,2";
			};
			name = Debug;
		};
		0462475E280ADCCB005F00E7 /* Release */ = {
			isa = XCBuildConfiguration;
			buildSettings = {
				ASSETCATALOG_COMPILER_APPICON_NAME = AppIcon;
				ASSETCATALOG_COMPILER_GLOBAL_ACCENT_COLOR_NAME = AccentColor;
				CODE_SIGN_STYLE = Automatic;
				CURRENT_PROJECT_VERSION = 1;
				GENERATE_INFOPLIST_FILE = YES;
				INFOPLIST_FILE = "Operation-Queue-Example/Global/Info.plist";
				INFOPLIST_KEY_UIApplicationSupportsIndirectInputEvents = YES;
				INFOPLIST_KEY_UILaunchStoryboardName = LaunchScreen;
				INFOPLIST_KEY_UIMainStoryboardFile = Main;
				INFOPLIST_KEY_UISupportedInterfaceOrientations_iPad = "UIInterfaceOrientationPortrait UIInterfaceOrientationPortraitUpsideDown UIInterfaceOrientationLandscapeLeft UIInterfaceOrientationLandscapeRight";
				INFOPLIST_KEY_UISupportedInterfaceOrientations_iPhone = "UIInterfaceOrientationPortrait UIInterfaceOrientationLandscapeLeft UIInterfaceOrientationLandscapeRight";
				IPHONEOS_DEPLOYMENT_TARGET = 15.2;
				LD_RUNPATH_SEARCH_PATHS = (
					"$(inherited)",
					"@executable_path/Frameworks",
				);
				MARKETING_VERSION = 1.0;
				PRODUCT_BUNDLE_IDENTIFIER = "Sparkout-Tech-Solution.Operation-Queue-Example";
				PRODUCT_NAME = "$(TARGET_NAME)";
				SWIFT_EMIT_LOC_STRINGS = YES;
				SWIFT_VERSION = 5.0;
				TARGETED_DEVICE_FAMILY = "1,2";
			};
			name = Release;
		};
		046B1CC52804790900319E7E /* Debug */ = {
			isa = XCBuildConfiguration;
			buildSettings = {
				ALWAYS_SEARCH_USER_PATHS = NO;
				CLANG_ANALYZER_NONNULL = YES;
				CLANG_ANALYZER_NUMBER_OBJECT_CONVERSION = YES_AGGRESSIVE;
				CLANG_CXX_LANGUAGE_STANDARD = "gnu++17";
				CLANG_CXX_LIBRARY = "libc++";
				CLANG_ENABLE_MODULES = YES;
				CLANG_ENABLE_OBJC_ARC = YES;
				CLANG_ENABLE_OBJC_WEAK = YES;
				CLANG_WARN_BLOCK_CAPTURE_AUTORELEASING = YES;
				CLANG_WARN_BOOL_CONVERSION = YES;
				CLANG_WARN_COMMA = YES;
				CLANG_WARN_CONSTANT_CONVERSION = YES;
				CLANG_WARN_DEPRECATED_OBJC_IMPLEMENTATIONS = YES;
				CLANG_WARN_DIRECT_OBJC_ISA_USAGE = YES_ERROR;
				CLANG_WARN_DOCUMENTATION_COMMENTS = YES;
				CLANG_WARN_EMPTY_BODY = YES;
				CLANG_WARN_ENUM_CONVERSION = YES;
				CLANG_WARN_INFINITE_RECURSION = YES;
				CLANG_WARN_INT_CONVERSION = YES;
				CLANG_WARN_NON_LITERAL_NULL_CONVERSION = YES;
				CLANG_WARN_OBJC_IMPLICIT_RETAIN_SELF = YES;
				CLANG_WARN_OBJC_LITERAL_CONVERSION = YES;
				CLANG_WARN_OBJC_ROOT_CLASS = YES_ERROR;
				CLANG_WARN_QUOTED_INCLUDE_IN_FRAMEWORK_HEADER = YES;
				CLANG_WARN_RANGE_LOOP_ANALYSIS = YES;
				CLANG_WARN_STRICT_PROTOTYPES = YES;
				CLANG_WARN_SUSPICIOUS_MOVE = YES;
				CLANG_WARN_UNGUARDED_AVAILABILITY = YES_AGGRESSIVE;
				CLANG_WARN_UNREACHABLE_CODE = YES;
				CLANG_WARN__DUPLICATE_METHOD_MATCH = YES;
				COPY_PHASE_STRIP = NO;
				DEBUG_INFORMATION_FORMAT = dwarf;
				ENABLE_STRICT_OBJC_MSGSEND = YES;
				ENABLE_TESTABILITY = YES;
				GCC_C_LANGUAGE_STANDARD = gnu11;
				GCC_DYNAMIC_NO_PIC = NO;
				GCC_NO_COMMON_BLOCKS = YES;
				GCC_OPTIMIZATION_LEVEL = 0;
				GCC_PREPROCESSOR_DEFINITIONS = (
					"DEBUG=1",
					"$(inherited)",
				);
				GCC_WARN_64_TO_32_BIT_CONVERSION = YES;
				GCC_WARN_ABOUT_RETURN_TYPE = YES_ERROR;
				GCC_WARN_UNDECLARED_SELECTOR = YES;
				GCC_WARN_UNINITIALIZED_AUTOS = YES_AGGRESSIVE;
				GCC_WARN_UNUSED_FUNCTION = YES;
				GCC_WARN_UNUSED_VARIABLE = YES;
				IPHONEOS_DEPLOYMENT_TARGET = 15.0;
				MTL_ENABLE_DEBUG_INFO = INCLUDE_SOURCE;
				MTL_FAST_MATH = YES;
				ONLY_ACTIVE_ARCH = YES;
				SDKROOT = iphoneos;
				SWIFT_ACTIVE_COMPILATION_CONDITIONS = DEBUG;
				SWIFT_OPTIMIZATION_LEVEL = "-Onone";
			};
			name = Debug;
		};
		046B1CC62804790900319E7E /* Release */ = {
			isa = XCBuildConfiguration;
			buildSettings = {
				ALWAYS_SEARCH_USER_PATHS = NO;
				CLANG_ANALYZER_NONNULL = YES;
				CLANG_ANALYZER_NUMBER_OBJECT_CONVERSION = YES_AGGRESSIVE;
				CLANG_CXX_LANGUAGE_STANDARD = "gnu++17";
				CLANG_CXX_LIBRARY = "libc++";
				CLANG_ENABLE_MODULES = YES;
				CLANG_ENABLE_OBJC_ARC = YES;
				CLANG_ENABLE_OBJC_WEAK = YES;
				CLANG_WARN_BLOCK_CAPTURE_AUTORELEASING = YES;
				CLANG_WARN_BOOL_CONVERSION = YES;
				CLANG_WARN_COMMA = YES;
				CLANG_WARN_CONSTANT_CONVERSION = YES;
				CLANG_WARN_DEPRECATED_OBJC_IMPLEMENTATIONS = YES;
				CLANG_WARN_DIRECT_OBJC_ISA_USAGE = YES_ERROR;
				CLANG_WARN_DOCUMENTATION_COMMENTS = YES;
				CLANG_WARN_EMPTY_BODY = YES;
				CLANG_WARN_ENUM_CONVERSION = YES;
				CLANG_WARN_INFINITE_RECURSION = YES;
				CLANG_WARN_INT_CONVERSION = YES;
				CLANG_WARN_NON_LITERAL_NULL_CONVERSION = YES;
				CLANG_WARN_OBJC_IMPLICIT_RETAIN_SELF = YES;
				CLANG_WARN_OBJC_LITERAL_CONVERSION = YES;
				CLANG_WARN_OBJC_ROOT_CLASS = YES_ERROR;
				CLANG_WARN_QUOTED_INCLUDE_IN_FRAMEWORK_HEADER = YES;
				CLANG_WARN_RANGE_LOOP_ANALYSIS = YES;
				CLANG_WARN_STRICT_PROTOTYPES = YES;
				CLANG_WARN_SUSPICIOUS_MOVE = YES;
				CLANG_WARN_UNGUARDED_AVAILABILITY = YES_AGGRESSIVE;
				CLANG_WARN_UNREACHABLE_CODE = YES;
				CLANG_WARN__DUPLICATE_METHOD_MATCH = YES;
				COPY_PHASE_STRIP = NO;
				DEBUG_INFORMATION_FORMAT = "dwarf-with-dsym";
				ENABLE_NS_ASSERTIONS = NO;
				ENABLE_STRICT_OBJC_MSGSEND = YES;
				GCC_C_LANGUAGE_STANDARD = gnu11;
				GCC_NO_COMMON_BLOCKS = YES;
				GCC_WARN_64_TO_32_BIT_CONVERSION = YES;
				GCC_WARN_ABOUT_RETURN_TYPE = YES_ERROR;
				GCC_WARN_UNDECLARED_SELECTOR = YES;
				GCC_WARN_UNINITIALIZED_AUTOS = YES_AGGRESSIVE;
				GCC_WARN_UNUSED_FUNCTION = YES;
				GCC_WARN_UNUSED_VARIABLE = YES;
				IPHONEOS_DEPLOYMENT_TARGET = 15.0;
				MTL_ENABLE_DEBUG_INFO = NO;
				MTL_FAST_MATH = YES;
				SDKROOT = iphoneos;
				SWIFT_COMPILATION_MODE = wholemodule;
				SWIFT_OPTIMIZATION_LEVEL = "-O";
				VALIDATE_PRODUCT = YES;
			};
			name = Release;
		};
		046B1CC82804790900319E7E /* Debug */ = {
			isa = XCBuildConfiguration;
			buildSettings = {
				ASSETCATALOG_COMPILER_APPICON_NAME = AppIcon;
				ASSETCATALOG_COMPILER_GLOBAL_ACCENT_COLOR_NAME = AccentColor;
				CODE_SIGN_STYLE = Automatic;
				CURRENT_PROJECT_VERSION = 1;
				GENERATE_INFOPLIST_FILE = YES;
				INFOPLIST_FILE = "DispatchWorkItem-Example/Global/Info.plist";
				INFOPLIST_KEY_UIApplicationSupportsIndirectInputEvents = YES;
				INFOPLIST_KEY_UILaunchStoryboardName = LaunchScreen;
				INFOPLIST_KEY_UIMainStoryboardFile = Main;
				INFOPLIST_KEY_UISupportedInterfaceOrientations_iPad = "UIInterfaceOrientationPortrait UIInterfaceOrientationPortraitUpsideDown UIInterfaceOrientationLandscapeLeft UIInterfaceOrientationLandscapeRight";
				INFOPLIST_KEY_UISupportedInterfaceOrientations_iPhone = "UIInterfaceOrientationPortrait UIInterfaceOrientationLandscapeLeft UIInterfaceOrientationLandscapeRight";
				IPHONEOS_DEPLOYMENT_TARGET = 12.2;
				LD_RUNPATH_SEARCH_PATHS = (
					"$(inherited)",
					"@executable_path/Frameworks",
				);
				MARKETING_VERSION = 1.0;
				PRODUCT_BUNDLE_IDENTIFIER = "Sparkout-Tech-Solution.DispatchWorkItem-Example";
				PRODUCT_NAME = "$(TARGET_NAME)";
				SWIFT_EMIT_LOC_STRINGS = YES;
				SWIFT_VERSION = 5.0;
				TARGETED_DEVICE_FAMILY = 1;
			};
			name = Debug;
		};
		046B1CC92804790900319E7E /* Release */ = {
			isa = XCBuildConfiguration;
			buildSettings = {
				ASSETCATALOG_COMPILER_APPICON_NAME = AppIcon;
				ASSETCATALOG_COMPILER_GLOBAL_ACCENT_COLOR_NAME = AccentColor;
				CODE_SIGN_STYLE = Automatic;
				CURRENT_PROJECT_VERSION = 1;
				GENERATE_INFOPLIST_FILE = YES;
				INFOPLIST_FILE = "DispatchWorkItem-Example/Global/Info.plist";
				INFOPLIST_KEY_UIApplicationSupportsIndirectInputEvents = YES;
				INFOPLIST_KEY_UILaunchStoryboardName = LaunchScreen;
				INFOPLIST_KEY_UIMainStoryboardFile = Main;
				INFOPLIST_KEY_UISupportedInterfaceOrientations_iPad = "UIInterfaceOrientationPortrait UIInterfaceOrientationPortraitUpsideDown UIInterfaceOrientationLandscapeLeft UIInterfaceOrientationLandscapeRight";
				INFOPLIST_KEY_UISupportedInterfaceOrientations_iPhone = "UIInterfaceOrientationPortrait UIInterfaceOrientationLandscapeLeft UIInterfaceOrientationLandscapeRight";
				IPHONEOS_DEPLOYMENT_TARGET = 12.2;
				LD_RUNPATH_SEARCH_PATHS = (
					"$(inherited)",
					"@executable_path/Frameworks",
				);
				MARKETING_VERSION = 1.0;
				PRODUCT_BUNDLE_IDENTIFIER = "Sparkout-Tech-Solution.DispatchWorkItem-Example";
				PRODUCT_NAME = "$(TARGET_NAME)";
				SWIFT_EMIT_LOC_STRINGS = YES;
				SWIFT_VERSION = 5.0;
				TARGETED_DEVICE_FAMILY = 1;
			};
			name = Release;
		};
/* End XCBuildConfiguration section */

/* Begin XCConfigurationList section */
		0462475F280ADCCB005F00E7 /* Build configuration list for PBXNativeTarget "Operation-Queue-Example" */ = {
			isa = XCConfigurationList;
			buildConfigurations = (
				0462475D280ADCCB005F00E7 /* Debug */,
				0462475E280ADCCB005F00E7 /* Release */,
			);
			defaultConfigurationIsVisible = 0;
			defaultConfigurationName = Release;
		};
		046B1CAE2804790100319E7E /* Build configuration list for PBXProject "DispatchWorkItem-Example" */ = {
			isa = XCConfigurationList;
			buildConfigurations = (
				046B1CC52804790900319E7E /* Debug */,
				046B1CC62804790900319E7E /* Release */,
			);
			defaultConfigurationIsVisible = 0;
			defaultConfigurationName = Release;
		};
		046B1CC72804790900319E7E /* Build configuration list for PBXNativeTarget "DispatchWorkItem-Example" */ = {
			isa = XCConfigurationList;
			buildConfigurations = (
				046B1CC82804790900319E7E /* Debug */,
				046B1CC92804790900319E7E /* Release */,
			);
			defaultConfigurationIsVisible = 0;
			defaultConfigurationName = Release;
		};
/* End XCConfigurationList section */
	};
	rootObject = 046B1CAB2804790100319E7E /* Project object */;
}
